
Microsoft Visual Studio Solution File, Format Version 12.00
# Visual Studio Version 17
VisualStudioVersion = 17.8.34511.84
MinimumVisualStudioVersion = 10.0.40219.1
Project("{FAE04EC0-301F-11D3-BF4B-00C04F79EFBC}") = "WpfApp5", "WpfApp5\WpfApp5.csproj", "{919589B5-2533-4FCF-B374-E694F1EEE9E3}"
EndProject
Global
	GlobalSection(SolutionConfigurationPlatforms) = preSolution
		Debug|Any CPU = Debug|Any CPU
		Release|Any CPU = Release|Any CPU
	EndGlobalSection
	GlobalSection(ProjectConfigurationPlatforms) = postSolution
		{919589B5-2533-4FCF-B374-E694F1EEE9E3}.Debug|Any CPU.ActiveCfg = Debug|Any CPU
		{919589B5-2533-4FCF-B374-E694F1EEE9E3}.Debug|Any CPU.Build.0 = Debug|Any CPU
		{919589B5-2533-4FCF-B374-E694F1EEE9E3}.Release|Any CPU.ActiveCfg = Release|Any CPU
		{919589B5-2533-4FCF-B374-E694F1EEE9E3}.Release|Any CPU.Build.0 = Release|Any CPU
	EndGlobalSection
	GlobalSection(SolutionProperties) = preSolution
		HideSolutionNode = FALSE
	EndGlobalSection
	GlobalSection(ExtensibilityGlobals) = postSolution
		SolutionGuid = {DCA6E18A-9A98-4948-880C-CD0556C006E2}
	EndGlobalSection
EndGlobal
